
Microsoft Visual Studio Solution File, Format Version 12.00
# Visual Studio Version 17
VisualStudioVersion = 17.9.34723.18
MinimumVisualStudioVersion = 10.0.40219.1
Project("{FAE04EC0-301F-11D3-BF4B-00C04F79EFBC}") = "00Basic", "00Basic\00Basic.csproj", "{052CAEFF-D000-4F55-B3C2-A3317557B3A4}"
EndProject
Project("{FAE04EC0-301F-11D3-BF4B-00C04F79EFBC}") = "01DataTypes", "01DataTypes\01DataTypes.csproj", "{154532AD-8ACE-4A14-A22D-424242B386E0}"
EndProject
Project("{9A19103F-16F7-4668-BE54-9A1E7A4F7556}") = "02BasicCoreDemo", "02BasicCoreDemo\02BasicCoreDemo.csproj", "{0E5FBC19-FB6E-4753-997D-342F0E313926}"
EndProject
Project("{9A19103F-16F7-4668-BE54-9A1E7A4F7556}") = "03BasicCore", "03BasicCore\03BasicCore.csproj", "{639F2A92-BF18-4214-A7B7-F385164341F0}"
EndProject
Project("{9A19103F-16F7-4668-BE54-9A1E7A4F7556}") = "05DemoOverriding", "05DemoOverriding\05DemoOverriding.csproj", "{15B1B7FD-47E8-4FA0-B2F5-5A5C9A35E974}"
EndProject
Project("{9A19103F-16F7-4668-BE54-9A1E7A4F7556}") = "06OOPInterface", "06OOPInterface\06OOPInterface.csproj", "{840B743D-64EE-4574-A130-912DFE013FE6}"
EndProject
Project("{9A19103F-16F7-4668-BE54-9A1E7A4F7556}") = "07OOPInterface", "07OOPInterface\07OOPInterface.csproj", "{DBE9D71E-23E5-41F9-9EB4-DFED07206A50}"
EndProject
Project("{9A19103F-16F7-4668-BE54-9A1E7A4F7556}") = "08OOPInterface", "08OOPInterface\08OOPInterface.csproj", "{E045BC0D-77A9-4E08-BF95-85EFAE940EBF}"
EndProject
Project("{9A19103F-16F7-4668-BE54-9A1E7A4F7556}") = "09OOPInterface", "09OOPInterface\09OOPInterface.csproj", "{FA6172F2-EBAE-426A-8B0D-60DD7B9BC08B}"
EndProject
Project("{9A19103F-16F7-4668-BE54-9A1E7A4F7556}") = "10OOPAbstarct", "10OOPAbstarct\10OOPAbstarct.csproj", "{2FEEA875-94B5-45D5-B715-7440EAC45732}"
EndProject
Project("{9A19103F-16F7-4668-BE54-9A1E7A4F7556}") = "11OOPStatic", "11OOPStatic\11OOPStatic.csproj", "{64E3F536-0337-4204-8F0C-3A7BDC753898}"
EndProject
Project("{9A19103F-16F7-4668-BE54-9A1E7A4F7556}") = "12OOPDependencyInjection", "12OOPDependencyInjection\12OOPDependencyInjection.csproj", "{B6A67E4B-091D-4F44-BE72-EBFBF0148DB1}"
EndProject
Project("{9A19103F-16F7-4668-BE54-9A1E7A4F7556}") = "13OOPSealed", "13OOPSealed\13OOPSealed.csproj", "{A38EC544-72A1-4591-AE9C-39333E2CF3D3}"
EndProject
Project("{FAE04EC0-301F-11D3-BF4B-00C04F79EFBC}") = "MyMathLib", "MyMathLib\MyMathLib.csproj", "{35D536CA-E06D-4A84-B546-8B5C524F9F0B}"
EndProject
Project("{FAE04EC0-301F-11D3-BF4B-00C04F79EFBC}") = "14CalulatorApp", "14CalulatorApp\14CalulatorApp.csproj", "{90727444-3679-4D4F-A97B-454C67F912C9}"
EndProject
Project("{9A19103F-16F7-4668-BE54-9A1E7A4F7556}") = "15Properties", "15Properties\15Properties.csproj", "{0292B9E5-BD10-42C9-B3EF-BBB87FEE174F}"
EndProject
Project("{FAE04EC0-301F-11D3-BF4B-00C04F79EFBC}") = "DemoForm", "DemoForm\DemoForm.csproj", "{6468DC63-CD0B-4EA2-A180-E8095D0E87AC}"
EndProject
Project("{9A19103F-16F7-4668-BE54-9A1E7A4F7556}") = "16EventsDelegates", "16EventsDelegates\16EventsDelegates.csproj", "{E9901D6C-B05F-4934-86FB-103D075A99A3}"
EndProject
Project("{9A19103F-16F7-4668-BE54-9A1E7A4F7556}") = "17Delegate", "17Delegate\17Delegate.csproj", "{EA3B23C3-BBDC-4748-9F4A-87776A584D9F}"
EndProject
Project("{9A19103F-16F7-4668-BE54-9A1E7A4F7556}") = "18FilIO", "18FilIO\18FilIO.csproj", "{5160186E-7150-41BC-9B1C-1E9EDD51028E}"
EndProject
Project("{FAE04EC0-301F-11D3-BF4B-00C04F79EFBC}") = "MyMath", "MyMath\MyMath.csproj", "{AE6CCBF5-0EFD-41FF-8CF8-D34F2FAB36B3}"
EndProject
Project("{FAE04EC0-301F-11D3-BF4B-00C04F79EFBC}") = "19Reflection", "19Reflection\19Reflection.csproj", "{DA1FD9E0-8E8A-4EC9-B75C-297D8D62A1B3}"
EndProject
Project("{FAE04EC0-301F-11D3-BF4B-00C04F79EFBC}") = "MyCustomAttribute", "MyCustomAttribute\MyCustomAttribute.csproj", "{CB749977-68EF-46A7-A155-22C6BC52B59E}"
EndProject
Project("{FAE04EC0-301F-11D3-BF4B-00C04F79EFBC}") = "Employee", "Employee\Employee.csproj", "{C0CD363A-8E7B-4F83-BBAB-94AA5B7CA670}"
EndProject
Project("{FAE04EC0-301F-11D3-BF4B-00C04F79EFBC}") = "MyDBAttributes", "MyDBAttributes\MyDBAttributes.csproj", "{9530CE6E-FE0C-4FD0-90E0-FB63B7FB810F}"
EndProject
Project("{FAE04EC0-301F-11D3-BF4B-00C04F79EFBC}") = "20ReflectionForTableQuery", "20ReflectionForTableQuery\20ReflectionForTableQuery.csproj", "{EBF8586F-FC8F-41D3-A733-C39DDCA3BE03}"
EndProject
Project("{9A19103F-16F7-4668-BE54-9A1E7A4F7556}") = "21Collection", "21Collection\21Collection.csproj", "{D49692D8-5B1C-4B5D-AE27-64D3148D0342}"
EndProject
Project("{9A19103F-16F7-4668-BE54-9A1E7A4F7556}") = "22CSharpFeatures", "22CSharpFeatures\22CSharpFeatures.csproj", "{E9306394-2FAE-41DE-888C-D417AF6BF688}"
EndProject
Project("{FAE04EC0-301F-11D3-BF4B-00C04F79EFBC}") = "WindowsFormsApp1", "WindowsFormsApp1\WindowsFormsApp1.csproj", "{12F1D37D-49D3-4C6C-B092-A71E5556E193}"
EndProject
Project("{9A19103F-16F7-4668-BE54-9A1E7A4F7556}") = "23CSharpFeatures", "23CSharpFeatures\23CSharpFeatures.csproj", "{79DFDB7F-F087-45A0-B9A8-B90BFEF1DA9B}"
EndProject
Project("{FAE04EC0-301F-11D3-BF4B-00C04F79EFBC}") = "24ADO_NET_Connected", "24ADO_NET_Connected\24ADO_NET_Connected.csproj", "{08364322-622F-454E-8A5B-58A279EDC8C1}"
EndProject
Project("{FAE04EC0-301F-11D3-BF4B-00C04F79EFBC}") = "25MyOwnORMFramework", "25MyOwnORMFramework\25MyOwnORMFramework.csproj", "{946DC130-A05D-47E7-B173-D0FC46CCC17A}"
EndProject
Project("{9A19103F-16F7-4668-BE54-9A1E7A4F7556}") = "26AdoNETDisconnected", "26AdoNETDisconnected\26AdoNETDisconnected.csproj", "{111EA552-9583-48E9-8CA9-6383DDCC532C}"
EndProject
Project("{FAE04EC0-301F-11D3-BF4B-00C04F79EFBC}") = "27EFinConsole", "27EFinConsole\27EFinConsole.csproj", "{632EF6D2-6E04-4446-ABB0-A45FF53BC26D}"
EndProject
Global
	GlobalSection(SolutionConfigurationPlatforms) = preSolution
		Debug|Any CPU = Debug|Any CPU
		Release|Any CPU = Release|Any CPU
	EndGlobalSection
	GlobalSection(ProjectConfigurationPlatforms) = postSolution
		{052CAEFF-D000-4F55-B3C2-A3317557B3A4}.Debug|Any CPU.ActiveCfg = Debug|Any CPU
		{052CAEFF-D000-4F55-B3C2-A3317557B3A4}.Debug|Any CPU.Build.0 = Debug|Any CPU
		{052CAEFF-D000-4F55-B3C2-A3317557B3A4}.Release|Any CPU.ActiveCfg = Release|Any CPU
		{052CAEFF-D000-4F55-B3C2-A3317557B3A4}.Release|Any CPU.Build.0 = Release|Any CPU
		{154532AD-8ACE-4A14-A22D-424242B386E0}.Debug|Any CPU.ActiveCfg = Debug|Any CPU
		{154532AD-8ACE-4A14-A22D-424242B386E0}.Debug|Any CPU.Build.0 = Debug|Any CPU
		{154532AD-8ACE-4A14-A22D-424242B386E0}.Release|Any CPU.ActiveCfg = Release|Any CPU
		{154532AD-8ACE-4A14-A22D-424242B386E0}.Release|Any CPU.Build.0 = Release|Any CPU
		{0E5FBC19-FB6E-4753-997D-342F0E313926}.Debug|Any CPU.ActiveCfg = Debug|Any CPU
		{0E5FBC19-FB6E-4753-997D-342F0E313926}.Debug|Any CPU.Build.0 = Debug|Any CPU
		{0E5FBC19-FB6E-4753-997D-342F0E313926}.Release|Any CPU.ActiveCfg = Release|Any CPU
		{0E5FBC19-FB6E-4753-997D-342F0E313926}.Release|Any CPU.Build.0 = Release|Any CPU
		{639F2A92-BF18-4214-A7B7-F385164341F0}.Debug|Any CPU.ActiveCfg = Debug|Any CPU
		{639F2A92-BF18-4214-A7B7-F385164341F0}.Debug|Any CPU.Build.0 = Debug|Any CPU
		{639F2A92-BF18-4214-A7B7-F385164341F0}.Release|Any CPU.ActiveCfg = Release|Any CPU
		{639F2A92-BF18-4214-A7B7-F385164341F0}.Release|Any CPU.Build.0 = Release|Any CPU
		{15B1B7FD-47E8-4FA0-B2F5-5A5C9A35E974}.Debug|Any CPU.ActiveCfg = Debug|Any CPU
		{15B1B7FD-47E8-4FA0-B2F5-5A5C9A35E974}.Debug|Any CPU.Build.0 = Debug|Any CPU
		{15B1B7FD-47E8-4FA0-B2F5-5A5C9A35E974}.Release|Any CPU.ActiveCfg = Release|Any CPU
		{15B1B7FD-47E8-4FA0-B2F5-5A5C9A35E974}.Release|Any CPU.Build.0 = Release|Any CPU
		{840B743D-64EE-4574-A130-912DFE013FE6}.Debug|Any CPU.ActiveCfg = Debug|Any CPU
		{840B743D-64EE-4574-A130-912DFE013FE6}.Debug|Any CPU.Build.0 = Debug|Any CPU
		{840B743D-64EE-4574-A130-912DFE013FE6}.Release|Any CPU.ActiveCfg = Release|Any CPU
		{840B743D-64EE-4574-A130-912DFE013FE6}.Release|Any CPU.Build.0 = Release|Any CPU
		{DBE9D71E-23E5-41F9-9EB4-DFED07206A50}.Debug|Any CPU.ActiveCfg = Debug|Any CPU
		{DBE9D71E-23E5-41F9-9EB4-DFED07206A50}.Debug|Any CPU.Build.0 = Debug|Any CPU
		{DBE9D71E-23E5-41F9-9EB4-DFED07206A50}.Release|Any CPU.ActiveCfg = Release|Any CPU
		{DBE9D71E-23E5-41F9-9EB4-DFED07206A50}.Release|Any CPU.Build.0 = Release|Any CPU
		{E045BC0D-77A9-4E08-BF95-85EFAE940EBF}.Debug|Any CPU.ActiveCfg = Debug|Any CPU
		{E045BC0D-77A9-4E08-BF95-85EFAE940EBF}.Debug|Any CPU.Build.0 = Debug|Any CPU
		{E045BC0D-77A9-4E08-BF95-85EFAE940EBF}.Release|Any CPU.ActiveCfg = Release|Any CPU
		{E045BC0D-77A9-4E08-BF95-85EFAE940EBF}.Release|Any CPU.Build.0 = Release|Any CPU
		{FA6172F2-EBAE-426A-8B0D-60DD7B9BC08B}.Debug|Any CPU.ActiveCfg = Debug|Any CPU
		{FA6172F2-EBAE-426A-8B0D-60DD7B9BC08B}.Debug|Any CPU.Build.0 = Debug|Any CPU
		{FA6172F2-EBAE-426A-8B0D-60DD7B9BC08B}.Release|Any CPU.ActiveCfg = Release|Any CPU
		{FA6172F2-EBAE-426A-8B0D-60DD7B9BC08B}.Release|Any CPU.Build.0 = Release|Any CPU
		{2FEEA875-94B5-45D5-B715-7440EAC45732}.Debug|Any CPU.ActiveCfg = Debug|Any CPU
		{2FEEA875-94B5-45D5-B715-7440EAC45732}.Debug|Any CPU.Build.0 = Debug|Any CPU
		{2FEEA875-94B5-45D5-B715-7440EAC45732}.Release|Any CPU.ActiveCfg = Release|Any CPU
		{2FEEA875-94B5-45D5-B715-7440EAC45732}.Release|Any CPU.Build.0 = Release|Any CPU
		{64E3F536-0337-4204-8F0C-3A7BDC753898}.Debug|Any CPU.ActiveCfg = Debug|Any CPU
		{64E3F536-0337-4204-8F0C-3A7BDC753898}.Debug|Any CPU.Build.0 = Debug|Any CPU
		{64E3F536-0337-4204-8F0C-3A7BDC753898}.Release|Any CPU.ActiveCfg = Release|Any CPU
		{64E3F536-0337-4204-8F0C-3A7BDC753898}.Release|Any CPU.Build.0 = Release|Any CPU
		{B6A67E4B-091D-4F44-BE72-EBFBF0148DB1}.Debug|Any CPU.ActiveCfg = Debug|Any CPU
		{B6A67E4B-091D-4F44-BE72-EBFBF0148DB1}.Debug|Any CPU.Build.0 = Debug|Any CPU
		{B6A67E4B-091D-4F44-BE72-EBFBF0148DB1}.Release|Any CPU.ActiveCfg = Release|Any CPU
		{B6A67E4B-091D-4F44-BE72-EBFBF0148DB1}.Release|Any CPU.Build.0 = Release|Any CPU
		{A38EC544-72A1-4591-AE9C-39333E2CF3D3}.Debug|Any CPU.ActiveCfg = Debug|Any CPU
		{A38EC544-72A1-4591-AE9C-39333E2CF3D3}.Debug|Any CPU.Build.0 = Debug|Any CPU
		{A38EC544-72A1-4591-AE9C-39333E2CF3D3}.Release|Any CPU.ActiveCfg = Release|Any CPU
		{A38EC544-72A1-4591-AE9C-39333E2CF3D3}.Release|Any CPU.Build.0 = Release|Any CPU
		{35D536CA-E06D-4A84-B546-8B5C524F9F0B}.Debug|Any CPU.ActiveCfg = Debug|Any CPU
		{35D536CA-E06D-4A84-B546-8B5C524F9F0B}.Debug|Any CPU.Build.0 = Debug|Any CPU
		{35D536CA-E06D-4A84-B546-8B5C524F9F0B}.Release|Any CPU.ActiveCfg = Release|Any CPU
		{35D536CA-E06D-4A84-B546-8B5C524F9F0B}.Release|Any CPU.Build.0 = Release|Any CPU
		{90727444-3679-4D4F-A97B-454C67F912C9}.Debug|Any CPU.ActiveCfg = Debug|Any CPU
		{90727444-3679-4D4F-A97B-454C67F912C9}.Debug|Any CPU.Build.0 = Debug|Any CPU
		{90727444-3679-4D4F-A97B-454C67F912C9}.Release|Any CPU.ActiveCfg = Release|Any CPU
		{90727444-3679-4D4F-A97B-454C67F912C9}.Release|Any CPU.Build.0 = Release|Any CPU
		{0292B9E5-BD10-42C9-B3EF-BBB87FEE174F}.Debug|Any CPU.ActiveCfg = Debug|Any CPU
		{0292B9E5-BD10-42C9-B3EF-BBB87FEE174F}.Debug|Any CPU.Build.0 = Debug|Any CPU
		{0292B9E5-BD10-42C9-B3EF-BBB87FEE174F}.Release|Any CPU.ActiveCfg = Release|Any CPU
		{0292B9E5-BD10-42C9-B3EF-BBB87FEE174F}.Release|Any CPU.Build.0 = Release|Any CPU
		{6468DC63-CD0B-4EA2-A180-E8095D0E87AC}.Debug|Any CPU.ActiveCfg = Debug|Any CPU
		{6468DC63-CD0B-4EA2-A180-E8095D0E87AC}.Debug|Any CPU.Build.0 = Debug|Any CPU
		{6468DC63-CD0B-4EA2-A180-E8095D0E87AC}.Release|Any CPU.ActiveCfg = Release|Any CPU
		{6468DC63-CD0B-4EA2-A180-E8095D0E87AC}.Release|Any CPU.Build.0 = Release|Any CPU
		{E9901D6C-B05F-4934-86FB-103D075A99A3}.Debug|Any CPU.ActiveCfg = Debug|Any CPU
		{E9901D6C-B05F-4934-86FB-103D075A99A3}.Debug|Any CPU.Build.0 = Debug|Any CPU
		{E9901D6C-B05F-4934-86FB-103D075A99A3}.Release|Any CPU.ActiveCfg = Release|Any CPU
		{E9901D6C-B05F-4934-86FB-103D075A99A3}.Release|Any CPU.Build.0 = Release|Any CPU
		{EA3B23C3-BBDC-4748-9F4A-87776A584D9F}.Debug|Any CPU.ActiveCfg = Debug|Any CPU
		{EA3B23C3-BBDC-4748-9F4A-87776A584D9F}.Debug|Any CPU.Build.0 = Debug|Any CPU
		{EA3B23C3-BBDC-4748-9F4A-87776A584D9F}.Release|Any CPU.ActiveCfg = Release|Any CPU
		{EA3B23C3-BBDC-4748-9F4A-87776A584D9F}.Release|Any CPU.Build.0 = Release|Any CPU
		{5160186E-7150-41BC-9B1C-1E9EDD51028E}.Debug|Any CPU.ActiveCfg = Debug|Any CPU
		{5160186E-7150-41BC-9B1C-1E9EDD51028E}.Debug|Any CPU.Build.0 = Debug|Any CPU
		{5160186E-7150-41BC-9B1C-1E9EDD51028E}.Release|Any CPU.ActiveCfg = Release|Any CPU
		{5160186E-7150-41BC-9B1C-1E9EDD51028E}.Release|Any CPU.Build.0 = Release|Any CPU
		{AE6CCBF5-0EFD-41FF-8CF8-D34F2FAB36B3}.Debug|Any CPU.ActiveCfg = Debug|Any CPU
		{AE6CCBF5-0EFD-41FF-8CF8-D34F2FAB36B3}.Debug|Any CPU.Build.0 = Debug|Any CPU
		{AE6CCBF5-0EFD-41FF-8CF8-D34F2FAB36B3}.Release|Any CPU.ActiveCfg = Release|Any CPU
		{AE6CCBF5-0EFD-41FF-8CF8-D34F2FAB36B3}.Release|Any CPU.Build.0 = Release|Any CPU
		{DA1FD9E0-8E8A-4EC9-B75C-297D8D62A1B3}.Debug|Any CPU.ActiveCfg = Debug|Any CPU
		{DA1FD9E0-8E8A-4EC9-B75C-297D8D62A1B3}.Debug|Any CPU.Build.0 = Debug|Any CPU
		{DA1FD9E0-8E8A-4EC9-B75C-297D8D62A1B3}.Release|Any CPU.ActiveCfg = Release|Any CPU
		{DA1FD9E0-8E8A-4EC9-B75C-297D8D62A1B3}.Release|Any CPU.Build.0 = Release|Any CPU
		{CB749977-68EF-46A7-A155-22C6BC52B59E}.Debug|Any CPU.ActiveCfg = Debug|Any CPU
		{CB749977-68EF-46A7-A155-22C6BC52B59E}.Debug|Any CPU.Build.0 = Debug|Any CPU
		{CB749977-68EF-46A7-A155-22C6BC52B59E}.Release|Any CPU.ActiveCfg = Release|Any CPU
		{CB749977-68EF-46A7-A155-22C6BC52B59E}.Release|Any CPU.Build.0 = Release|Any CPU
		{C0CD363A-8E7B-4F83-BBAB-94AA5B7CA670}.Debug|Any CPU.ActiveCfg = Debug|Any CPU
		{C0CD363A-8E7B-4F83-BBAB-94AA5B7CA670}.Debug|Any CPU.Build.0 = Debug|Any CPU
		{C0CD363A-8E7B-4F83-BBAB-94AA5B7CA670}.Release|Any CPU.ActiveCfg = Release|Any CPU
		{C0CD363A-8E7B-4F83-BBAB-94AA5B7CA670}.Release|Any CPU.Build.0 = Release|Any CPU
		{9530CE6E-FE0C-4FD0-90E0-FB63B7FB810F}.Debug|Any CPU.ActiveCfg = Debug|Any CPU
		{9530CE6E-FE0C-4FD0-90E0-FB63B7FB810F}.Debug|Any CPU.Build.0 = Debug|Any CPU
		{9530CE6E-FE0C-4FD0-90E0-FB63B7FB810F}.Release|Any CPU.ActiveCfg = Release|Any CPU
		{9530CE6E-FE0C-4FD0-90E0-FB63B7FB810F}.Release|Any CPU.Build.0 = Release|Any CPU
		{EBF8586F-FC8F-41D3-A733-C39DDCA3BE03}.Debug|Any CPU.ActiveCfg = Debug|Any CPU
		{EBF8586F-FC8F-41D3-A733-C39DDCA3BE03}.Debug|Any CPU.Build.0 = Debug|Any CPU
		{EBF8586F-FC8F-41D3-A733-C39DDCA3BE03}.Release|Any CPU.ActiveCfg = Release|Any CPU
		{EBF8586F-FC8F-41D3-A733-C39DDCA3BE03}.Release|Any CPU.Build.0 = Release|Any CPU
		{D49692D8-5B1C-4B5D-AE27-64D3148D0342}.Debug|Any CPU.ActiveCfg = Debug|Any CPU
		{D49692D8-5B1C-4B5D-AE27-64D3148D0342}.Debug|Any CPU.Build.0 = Debug|Any CPU
		{D49692D8-5B1C-4B5D-AE27-64D3148D0342}.Release|Any CPU.ActiveCfg = Release|Any CPU
		{D49692D8-5B1C-4B5D-AE27-64D3148D0342}.Release|Any CPU.Build.0 = Release|Any CPU
		{E9306394-2FAE-41DE-888C-D417AF6BF688}.Debug|Any CPU.ActiveCfg = Debug|Any CPU
		{E9306394-2FAE-41DE-888C-D417AF6BF688}.Debug|Any CPU.Build.0 = Debug|Any CPU
		{E9306394-2FAE-41DE-888C-D417AF6BF688}.Release|Any CPU.ActiveCfg = Release|Any CPU
		{E9306394-2FAE-41DE-888C-D417AF6BF688}.Release|Any CPU.Build.0 = Release|Any CPU
		{12F1D37D-49D3-4C6C-B092-A71E5556E193}.Debug|Any CPU.ActiveCfg = Debug|Any CPU
		{12F1D37D-49D3-4C6C-B092-A71E5556E193}.Debug|Any CPU.Build.0 = Debug|Any CPU
		{12F1D37D-49D3-4C6C-B092-A71E5556E193}.Release|Any CPU.ActiveCfg = Release|Any CPU
		{12F1D37D-49D3-4C6C-B092-A71E5556E193}.Release|Any CPU.Build.0 = Release|Any CPU
		{79DFDB7F-F087-45A0-B9A8-B90BFEF1DA9B}.Debug|Any CPU.ActiveCfg = Debug|Any CPU
		{79DFDB7F-F087-45A0-B9A8-B90BFEF1DA9B}.Debug|Any CPU.Build.0 = Debug|Any CPU
		{79DFDB7F-F087-45A0-B9A8-B90BFEF1DA9B}.Release|Any CPU.ActiveCfg = Release|Any CPU
		{79DFDB7F-F087-45A0-B9A8-B90BFEF1DA9B}.Release|Any CPU.Build.0 = Release|Any CPU
		{08364322-622F-454E-8A5B-58A279EDC8C1}.Debug|Any CPU.ActiveCfg = Debug|Any CPU
		{08364322-622F-454E-8A5B-58A279EDC8C1}.Debug|Any CPU.Build.0 = Debug|Any CPU
		{08364322-622F-454E-8A5B-58A279EDC8C1}.Release|Any CPU.ActiveCfg = Release|Any CPU
		{08364322-622F-454E-8A5B-58A279EDC8C1}.Release|Any CPU.Build.0 = Release|Any CPU
		{946DC130-A05D-47E7-B173-D0FC46CCC17A}.Debug|Any CPU.ActiveCfg = Debug|Any CPU
		{946DC130-A05D-47E7-B173-D0FC46CCC17A}.Debug|Any CPU.Build.0 = Debug|Any CPU
		{946DC130-A05D-47E7-B173-D0FC46CCC17A}.Release|Any CPU.ActiveCfg = Release|Any CPU
		{946DC130-A05D-47E7-B173-D0FC46CCC17A}.Release|Any CPU.Build.0 = Release|Any CPU
		{111EA552-9583-48E9-8CA9-6383DDCC532C}.Debug|Any CPU.ActiveCfg = Debug|Any CPU
		{111EA552-9583-48E9-8CA9-6383DDCC532C}.Debug|Any CPU.Build.0 = Debug|Any CPU
		{111EA552-9583-48E9-8CA9-6383DDCC532C}.Release|Any CPU.ActiveCfg = Release|Any CPU
		{111EA552-9583-48E9-8CA9-6383DDCC532C}.Release|Any CPU.Build.0 = Release|Any CPU
		{632EF6D2-6E04-4446-ABB0-A45FF53BC26D}.Debug|Any CPU.ActiveCfg = Debug|Any CPU
		{632EF6D2-6E04-4446-ABB0-A45FF53BC26D}.Debug|Any CPU.Build.0 = Debug|Any CPU
		{632EF6D2-6E04-4446-ABB0-A45FF53BC26D}.Release|Any CPU.ActiveCfg = Release|Any CPU
		{632EF6D2-6E04-4446-ABB0-A45FF53BC26D}.Release|Any CPU.Build.0 = Release|Any CPU
	EndGlobalSection
	GlobalSection(SolutionProperties) = preSolution
		HideSolutionNode = FALSE
	EndGlobalSection
	GlobalSection(ExtensibilityGlobals) = postSolution
		SolutionGuid = {B67BC9DB-FC1F-4890-85F1-82D37991A3D3}
	EndGlobalSection
EndGlobal
